
Microsoft Visual Studio Solution File, Format Version 12.00
# Visual Studio 15
VisualStudioVersion = 15.0.28010.2050
MinimumVisualStudioVersion = 10.0.40219.1
Project("{FAE04EC0-301F-11D3-BF4B-00C04F79EFBC}") = "TestTask", "TestTask\TestTask.csproj", "{404A35E9-76AF-4014-91B2-8B55465746EA}"
EndProject
Global
	GlobalSection(SolutionConfigurationPlatforms) = preSolution
		Debug|Any CPU = Debug|Any CPU
		Release|Any CPU = Release|Any CPU
	EndGlobalSection
	GlobalSection(ProjectConfigurationPlatforms) = postSolution
		{404A35E9-76AF-4014-91B2-8B55465746EA}.Debug|Any CPU.ActiveCfg = Debug|Any CPU
		{404A35E9-76AF-4014-91B2-8B55465746EA}.Debug|Any CPU.Build.0 = Debug|Any CPU
		{404A35E9-76AF-4014-91B2-8B55465746EA}.Release|Any CPU.ActiveCfg = Release|Any CPU
		{404A35E9-76AF-4014-91B2-8B55465746EA}.Release|Any CPU.Build.0 = Release|Any CPU
	EndGlobalSection
	GlobalSection(SolutionProperties) = preSolution
		HideSolutionNode = FALSE
	EndGlobalSection
	GlobalSection(ExtensibilityGlobals) = postSolution
		SolutionGuid = {4BEC3031-412A-4B06-ACF6-7B0A9ED266DD}
	EndGlobalSection
EndGlobal
